
Microsoft Visual Studio Solution File, Format Version 12.00
# Visual Studio Version 17
VisualStudioVersion = 17.12.35323.107
MinimumVisualStudioVersion = 10.0.40219.1
Project("{FAE04EC0-301F-11D3-BF4B-00C04F79EFBC}") = "interview", "interview\interview.csproj", "{EF2F7938-543D-499A-8EB7-79B8E8BF73DD}"
EndProject
Project("{2150E333-8FDC-42A3-9474-1A3956D46DE8}") = "Solution Items", "Solution Items", "{7E45E7B4-E68A-4B20-B88F-532456B91D20}"
	ProjectSection(SolutionItems) = preProject
		ArrayIntersectionTests.cs = ArrayIntersectionTests.cs
	EndProjectSection
EndProject
Global
	GlobalSection(SolutionConfigurationPlatforms) = preSolution
		Debug|Any CPU = Debug|Any CPU
		Release|Any CPU = Release|Any CPU
	EndGlobalSection
	GlobalSection(ProjectConfigurationPlatforms) = postSolution
		{EF2F7938-543D-499A-8EB7-79B8E8BF73DD}.Debug|Any CPU.ActiveCfg = Debug|Any CPU
		{EF2F7938-543D-499A-8EB7-79B8E8BF73DD}.Debug|Any CPU.Build.0 = Debug|Any CPU
		{EF2F7938-543D-499A-8EB7-79B8E8BF73DD}.Release|Any CPU.ActiveCfg = Release|Any CPU
		{EF2F7938-543D-499A-8EB7-79B8E8BF73DD}.Release|Any CPU.Build.0 = Release|Any CPU
	EndGlobalSection
	GlobalSection(SolutionProperties) = preSolution
		HideSolutionNode = FALSE
	EndGlobalSection
	GlobalSection(ExtensibilityGlobals) = postSolution
		SolutionGuid = {1A53CDC7-8FEC-440B-8520-4ED6CE7F247E}
	EndGlobalSection
EndGlobal
